
Microsoft Visual Studio Solution File, Format Version 12.00
# Visual Studio 15
VisualStudioVersion = 15.0.27703.2035
MinimumVisualStudioVersion = 10.0.40219.1
Project("{FAE04EC0-301F-11D3-BF4B-00C04F79EFBC}") = "HightLow", "HightLow\HightLow.csproj", "{CA709E79-C7A1-4021-BF87-6DE5098D2E4E}"
EndProject
Global
	GlobalSection(SolutionConfigurationPlatforms) = preSolution
		Debug|Any CPU = Debug|Any CPU
		Release|Any CPU = Release|Any CPU
	EndGlobalSection
	GlobalSection(ProjectConfigurationPlatforms) = postSolution
		{CA709E79-C7A1-4021-BF87-6DE5098D2E4E}.Debug|Any CPU.ActiveCfg = Debug|Any CPU
		{CA709E79-C7A1-4021-BF87-6DE5098D2E4E}.Debug|Any CPU.Build.0 = Debug|Any CPU
		{CA709E79-C7A1-4021-BF87-6DE5098D2E4E}.Release|Any CPU.ActiveCfg = Release|Any CPU
		{CA709E79-C7A1-4021-BF87-6DE5098D2E4E}.Release|Any CPU.Build.0 = Release|Any CPU
	EndGlobalSection
	GlobalSection(SolutionProperties) = preSolution
		HideSolutionNode = FALSE
	EndGlobalSection
	GlobalSection(ExtensibilityGlobals) = postSolution
		SolutionGuid = {B41B013E-A06A-4EB4-87F3-FD4EF90A7BDA}
	EndGlobalSection
EndGlobal
