
Microsoft Visual Studio Solution File, Format Version 12.00
# Visual Studio 15
VisualStudioVersion = 15.0.27703.2035
MinimumVisualStudioVersion = 10.0.40219.1
Project("{FAE04EC0-301F-11D3-BF4B-00C04F79EFBC}") = "Debbuging", "Debbuging\Debbuging.csproj", "{F28AC30B-8E7C-41B5-9083-40C1E011DC3A}"
EndProject
Global
	GlobalSection(SolutionConfigurationPlatforms) = preSolution
		Debug|Any CPU = Debug|Any CPU
		Release|Any CPU = Release|Any CPU
	EndGlobalSection
	GlobalSection(ProjectConfigurationPlatforms) = postSolution
		{F28AC30B-8E7C-41B5-9083-40C1E011DC3A}.Debug|Any CPU.ActiveCfg = Debug|Any CPU
		{F28AC30B-8E7C-41B5-9083-40C1E011DC3A}.Debug|Any CPU.Build.0 = Debug|Any CPU
		{F28AC30B-8E7C-41B5-9083-40C1E011DC3A}.Release|Any CPU.ActiveCfg = Release|Any CPU
		{F28AC30B-8E7C-41B5-9083-40C1E011DC3A}.Release|Any CPU.Build.0 = Release|Any CPU
	EndGlobalSection
	GlobalSection(SolutionProperties) = preSolution
		HideSolutionNode = FALSE
	EndGlobalSection
	GlobalSection(ExtensibilityGlobals) = postSolution
		SolutionGuid = {39929662-2583-40A2-B72D-DC3D95234FA6}
	EndGlobalSection
EndGlobal
